
Microsoft Visual Studio Solution File, Format Version 12.00
# Visual Studio Version 17
VisualStudioVersion = 17.7.34031.279
MinimumVisualStudioVersion = 10.0.40219.1
Project("{9A19103F-16F7-4668-BE54-9A1E7A4F7556}") = "SingleReponsibilityPrinciple", "SOLID\SingleReponsibilityPrinciple.csproj", "{A6DB2688-F186-4834-A4C2-0C2197DB10D8}"
EndProject
Project("{FAE04EC0-301F-11D3-BF4B-00C04F79EFBC}") = "OpenClose", "OpenClose\OpenClose.csproj", "{B85E8259-E928-4C2E-BE16-2B5E3CCBA6EB}"
EndProject
Global
	GlobalSection(SolutionConfigurationPlatforms) = preSolution
		Debug|Any CPU = Debug|Any CPU
		Release|Any CPU = Release|Any CPU
	EndGlobalSection
	GlobalSection(ProjectConfigurationPlatforms) = postSolution
		{A6DB2688-F186-4834-A4C2-0C2197DB10D8}.Debug|Any CPU.ActiveCfg = Debug|Any CPU
		{A6DB2688-F186-4834-A4C2-0C2197DB10D8}.Debug|Any CPU.Build.0 = Debug|Any CPU
		{A6DB2688-F186-4834-A4C2-0C2197DB10D8}.Release|Any CPU.ActiveCfg = Release|Any CPU
		{A6DB2688-F186-4834-A4C2-0C2197DB10D8}.Release|Any CPU.Build.0 = Release|Any CPU
		{B85E8259-E928-4C2E-BE16-2B5E3CCBA6EB}.Debug|Any CPU.ActiveCfg = Debug|Any CPU
		{B85E8259-E928-4C2E-BE16-2B5E3CCBA6EB}.Debug|Any CPU.Build.0 = Debug|Any CPU
		{B85E8259-E928-4C2E-BE16-2B5E3CCBA6EB}.Release|Any CPU.ActiveCfg = Release|Any CPU
		{B85E8259-E928-4C2E-BE16-2B5E3CCBA6EB}.Release|Any CPU.Build.0 = Release|Any CPU
	EndGlobalSection
	GlobalSection(SolutionProperties) = preSolution
		HideSolutionNode = FALSE
	EndGlobalSection
	GlobalSection(ExtensibilityGlobals) = postSolution
		SolutionGuid = {A0400BCD-3181-4FF3-B0D5-F22D451EC62F}
	EndGlobalSection
EndGlobal
